// !$*UTF8*$!
{
	archiveVersion = 1;
	classes = {
	};
	objectVersion = 77;
	objects = {

/* Begin PBXBuildFile section */
		0D44885EEC5405E39D486FA6 /* SpikeLog.swift in Sources */ = {isa = PBXBuildFile; fileRef = 13DD08AC15E50181A2A8B3BB /* SpikeLog.swift */; };
		5BCCF6C5468BA2EC29D0AFB1 /* MedTrackerSpikeApp.swift in Sources */ = {isa = PBXBuildFile; fileRef = 44C61906726C9C7BFD883C03 /* MedTrackerSpikeApp.swift */; };
		758F14FB1971F92F48412F3A /* SpikeView.swift in Sources */ = {isa = PBXBuildFile; fileRef = 037FEFAC59B3F655454879EC /* SpikeView.swift */; };
		B5957A5CE1D99893B1D84A16 /* AppDelegate.swift in Sources */ = {isa = PBXBuildFile; fileRef = BDBDA9866CA9FD1914060B78 /* AppDelegate.swift */; };
		D9F365E4FEE7E525AB57EA0A /* NotificationManager.swift in Sources */ = {isa = PBXBuildFile; fileRef = 71E1145EEF881B57D5FBF0C9 /* NotificationManager.swift */; };
		ED55B9A5287F0D9FA5B44E70 /* SpikeAPIClient.swift in Sources */ = {isa = PBXBuildFile; fileRef = A6DBA1BE38FB6DAAC30C2EF1 /* SpikeAPIClient.swift */; };
/* End PBXBuildFile section */

/* Begin PBXFileReference section */
		037FEFAC59B3F655454879EC /* SpikeView.swift */ = {isa = PBXFileReference; lastKnownFileType = sourcecode.swift; path = SpikeView.swift; sourceTree = "<group>"; };
		13DD08AC15E50181A2A8B3BB /* SpikeLog.swift */ = {isa = PBXFileReference; lastKnownFileType = sourcecode.swift; path = SpikeLog.swift; sourceTree = "<group>"; };
		3711C0363D91D4A4CD54192D /* MedTrackerSpike.app */ = {isa = PBXFileReference; explicitFileType = wrapper.application; includeInIndex = 0; path = MedTrackerSpike.app; sourceTree = BUILT_PRODUCTS_DIR; };
		44C61906726C9C7BFD883C03 /* MedTrackerSpikeApp.swift */ = {isa = PBXFileReference; lastKnownFileType = sourcecode.swift; path = MedTrackerSpikeApp.swift; sourceTree = "<group>"; };
		71E1145EEF881B57D5FBF0C9 /* NotificationManager.swift */ = {isa = PBXFileReference; lastKnownFileType = sourcecode.swift; path = NotificationManager.swift; sourceTree = "<group>"; };
		A6DBA1BE38FB6DAAC30C2EF1 /* SpikeAPIClient.swift */ = {isa = PBXFileReference; lastKnownFileType = sourcecode.swift; path = SpikeAPIClient.swift; sourceTree = "<group>"; };
		BDBDA9866CA9FD1914060B78 /* AppDelegate.swift */ = {isa = PBXFileReference; lastKnownFileType = sourcecode.swift; path = AppDelegate.swift; sourceTree = "<group>"; };
/* End PBXFileReference section */

/* Begin PBXGroup section */
		3419FFA34DD43AAB5B150D77 = {
			isa = PBXGroup;
			children = (
				CFD45DFD18074EA0800EFC3E /* Spike */,
				F76FA3E633D82BDB39E404B5 /* Products */,
			);
			sourceTree = "<group>";
		};
		CFD45DFD18074EA0800EFC3E /* Spike */ = {
			isa = PBXGroup;
			children = (
				BDBDA9866CA9FD1914060B78 /* AppDelegate.swift */,
				44C61906726C9C7BFD883C03 /* MedTrackerSpikeApp.swift */,
				71E1145EEF881B57D5FBF0C9 /* NotificationManager.swift */,
				A6DBA1BE38FB6DAAC30C2EF1 /* SpikeAPIClient.swift */,
				13DD08AC15E50181A2A8B3BB /* SpikeLog.swift */,
				037FEFAC59B3F655454879EC /* SpikeView.swift */,
			);
			path = Spike;
			sourceTree = "<group>";
		};
		F76FA3E633D82BDB39E404B5 /* Products */ = {
			isa = PBXGroup;
			children = (
				3711C0363D91D4A4CD54192D /* MedTrackerSpike.app */,
			);
			name = Products;
			sourceTree = "<group>";
		};
/* End PBXGroup section */

/* Begin PBXNativeTarget section */
		5494235622A36B51877643DB /* MedTrackerSpike */ = {
			isa = PBXNativeTarget;
			buildConfigurationList = FEA75D1CE59FF5ED2A9CF392 /* Build configuration list for PBXNativeTarget "MedTrackerSpike" */;
			buildPhases = (
				4032EDB5F34154D59C531AC8 /* Sources */,
			);
			buildRules = (
			);
			dependencies = (
			);
			name = MedTrackerSpike;
			packageProductDependencies = (
			);
			productName = MedTrackerSpike;
			productReference = 3711C0363D91D4A4CD54192D /* MedTrackerSpike.app */;
			productType = "com.apple.product-type.application";
		};
/* End PBXNativeTarget section */

/* Begin PBXProject section */
		75D393CC0DCF8BA6DDD54C0F /* Project object */ = {
			isa = PBXProject;
			attributes = {
				BuildIndependentTargetsInParallel = YES;
				LastUpgradeCheck = 1430;
				TargetAttributes = {
					5494235622A36B51877643DB = {
						ProvisioningStyle = Automatic;
					};
				};
			};
			buildConfigurationList = FFFA426BA15105DCCE8D648E /* Build configuration list for PBXProject "MedTrackerSpike" */;
			developmentRegion = en;
			hasScannedForEncodings = 0;
			knownRegions = (
				Base,
				en,
			);
			mainGroup = 3419FFA34DD43AAB5B150D77;
			minimizedProjectReferenceProxies = 1;
			preferredProjectObjectVersion = 77;
			productRefGroup = F76FA3E633D82BDB39E404B5 /* Products */;
			projectDirPath = "";
			projectRoot = "";
			targets = (
				5494235622A36B51877643DB /* MedTrackerSpike */,
			);
		};
/* End PBXProject section */

/* Begin PBXSourcesBuildPhase section */
		4032EDB5F34154D59C531AC8 /* Sources */ = {
			isa = PBXSourcesBuildPhase;
			buildActionMask = 2147483647;
			files = (
				B5957A5CE1D99893B1D84A16 /* AppDelegate.swift in Sources */,
				5BCCF6C5468BA2EC29D0AFB1 /* MedTrackerSpikeApp.swift in Sources */,
				D9F365E4FEE7E525AB57EA0A /* NotificationManager.swift in Sources */,
				ED55B9A5287F0D9FA5B44E70 /* SpikeAPIClient.swift in Sources */,
				0D44885EEC5405E39D486FA6 /* SpikeLog.swift in Sources */,
				758F14FB1971F92F48412F3A /* SpikeView.swift in Sources */,
			);
			runOnlyForDeploymentPostprocessing = 0;
		};
/* End PBXSourcesBuildPhase section */

/* Begin XCBuildConfiguration section */
		14A819775CA0A56E9B635505 /* Debug */ = {
			isa = XCBuildConfiguration;
			buildSettings = {
				ALWAYS_SEARCH_USER_PATHS = NO;
				CLANG_ANALYZER_NONNULL = YES;
				CLANG_ANALYZER_NUMBER_OBJECT_CONVERSION = YES_AGGRESSIVE;
				CLANG_CXX_LANGUAGE_STANDARD = "gnu++14";
				CLANG_CXX_LIBRARY = "libc++";
				CLANG_ENABLE_MODULES = YES;
				CLANG_ENABLE_OBJC_ARC = YES;
				CLANG_ENABLE_OBJC_WEAK = YES;
				CLANG_WARN_BLOCK_CAPTURE_AUTORELEASING = YES;
				CLANG_WARN_BOOL_CONVERSION = YES;
				CLANG_WARN_COMMA = YES;
				CLANG_WARN_CONSTANT_CONVERSION = YES;
				CLANG_WARN_DEPRECATED_OBJC_IMPLEMENTATIONS = YES;
				CLANG_WARN_DIRECT_OBJC_ISA_USAGE = YES_ERROR;
				CLANG_WARN_DOCUMENTATION_COMMENTS = YES;
				CLANG_WARN_EMPTY_BODY = YES;
				CLANG_WARN_ENUM_CONVERSION = YES;
				CLANG_WARN_INFINITE_RECURSION = YES;
				CLANG_WARN_INT_CONVERSION = YES;
				CLANG_WARN_NON_LITERAL_NULL_CONVERSION = YES;
				CLANG_WARN_OBJC_IMPLICIT_RETAIN_SELF = YES;
				CLANG_WARN_OBJC_LITERAL_CONVERSION = YES;
				CLANG_WARN_OBJC_ROOT_CLASS = YES_ERROR;
				CLANG_WARN_QUOTED_INCLUDE_IN_FRAMEWORK_HEADER = YES;
				CLANG_WARN_RANGE_LOOP_ANALYSIS = YES;
				CLANG_WARN_STRICT_PROTOTYPES = YES;
				CLANG_WARN_SUSPICIOUS_MOVE = YES;
				CLANG_WARN_UNGUARDED_AVAILABILITY = YES_AGGRESSIVE;
				CLANG_WARN_UNREACHABLE_CODE = YES;
				CLANG_WARN__DUPLICATE_METHOD_MATCH = YES;
				COPY_PHASE_STRIP = NO;
				DEBUG_INFORMATION_FORMAT = dwarf;
				ENABLE_STRICT_OBJC_MSGSEND = YES;
				ENABLE_TESTABILITY = YES;
				GCC_C_LANGUAGE_STANDARD = gnu11;
				GCC_DYNAMIC_NO_PIC = NO;
				GCC_NO_COMMON_BLOCKS = YES;
				GCC_OPTIMIZATION_LEVEL = 0;
				GCC_PREPROCESSOR_DEFINITIONS = (
					"$(inherited)",
					"DEBUG=1",
				);
				GCC_WARN_64_TO_32_BIT_CONVERSION = YES;
				GCC_WARN_ABOUT_RETURN_TYPE = YES_ERROR;
				GCC_WARN_UNDECLARED_SELECTOR = YES;
				GCC_WARN_UNINITIALIZED_AUTOS = YES_AGGRESSIVE;
				GCC_WARN_UNUSED_FUNCTION = YES;
				GCC_WARN_UNUSED_VARIABLE = YES;
				MACOSX_DEPLOYMENT_TARGET = 15.0;
				MTL_ENABLE_DEBUG_INFO = INCLUDE_SOURCE;
				MTL_FAST_MATH = YES;
				ONLY_ACTIVE_ARCH = YES;
				PRODUCT_NAME = "$(TARGET_NAME)";
				SDKROOT = macosx;
				SWIFT_ACTIVE_COMPILATION_CONDITIONS = DEBUG;
				SWIFT_OPTIMIZATION_LEVEL = "-Onone";
				SWIFT_VERSION = 5.0;
			};
			name = Debug;
		};
		8F2D527A717667EC368B806F /* Release */ = {
			isa = XCBuildConfiguration;
			buildSettings = {
				ASSETCATALOG_COMPILER_APPICON_NAME = AppIcon;
				CODE_SIGN_ENTITLEMENTS = Spike/MedTrackerSpike.entitlements;
				CODE_SIGN_STYLE = Automatic;
				COMBINE_HIDPI_IMAGES = YES;
				CURRENT_PROJECT_VERSION = 1;
				ENABLE_HARDENED_RUNTIME = YES;
				GENERATE_INFOPLIST_FILE = YES;
				INFOPLIST_KEY_LSApplicationCategoryType = "public.app-category.medical";
				INFOPLIST_KEY_NSHumanReadableCopyright = "";
				LD_RUNPATH_SEARCH_PATHS = (
					"$(inherited)",
					"@executable_path/../Frameworks",
				);
				MACOSX_DEPLOYMENT_TARGET = 15.0;
				MARKETING_VERSION = 0.1;
				PRODUCT_BUNDLE_IDENTIFIER = com.jamiewhite.MedTrackerSpike;
				PRODUCT_NAME = MedTrackerSpike;
				SDKROOT = macosx;
				SWIFT_VERSION = 5.0;
			};
			name = Release;
		};
		B4052E2B564104FAB81C5A34 /* Release */ = {
			isa = XCBuildConfiguration;
			buildSettings = {
				ALWAYS_SEARCH_USER_PATHS = NO;
				CLANG_ANALYZER_NONNULL = YES;
				CLANG_ANALYZER_NUMBER_OBJECT_CONVERSION = YES_AGGRESSIVE;
				CLANG_CXX_LANGUAGE_STANDARD = "gnu++14";
				CLANG_CXX_LIBRARY = "libc++";
				CLANG_ENABLE_MODULES = YES;
				CLANG_ENABLE_OBJC_ARC = YES;
				CLANG_ENABLE_OBJC_WEAK = YES;
				CLANG_WARN_BLOCK_CAPTURE_AUTORELEASING = YES;
				CLANG_WARN_BOOL_CONVERSION = YES;
				CLANG_WARN_COMMA = YES;
				CLANG_WARN_CONSTANT_CONVERSION = YES;
				CLANG_WARN_DEPRECATED_OBJC_IMPLEMENTATIONS = YES;
				CLANG_WARN_DIRECT_OBJC_ISA_USAGE = YES_ERROR;
				CLANG_WARN_DOCUMENTATION_COMMENTS = YES;
				CLANG_WARN_EMPTY_BODY = YES;
				CLANG_WARN_ENUM_CONVERSION = YES;
				CLANG_WARN_INFINITE_RECURSION = YES;
				CLANG_WARN_INT_CONVERSION = YES;
				CLANG_WARN_NON_LITERAL_NULL_CONVERSION = YES;
				CLANG_WARN_OBJC_IMPLICIT_RETAIN_SELF = YES;
				CLANG_WARN_OBJC_LITERAL_CONVERSION = YES;
				CLANG_WARN_OBJC_ROOT_CLASS = YES_ERROR;
				CLANG_WARN_QUOTED_INCLUDE_IN_FRAMEWORK_HEADER = YES;
				CLANG_WARN_RANGE_LOOP_ANALYSIS = YES;
				CLANG_WARN_STRICT_PROTOTYPES = YES;
				CLANG_WARN_SUSPICIOUS_MOVE = YES;
				CLANG_WARN_UNGUARDED_AVAILABILITY = YES_AGGRESSIVE;
				CLANG_WARN_UNREACHABLE_CODE = YES;
				CLANG_WARN__DUPLICATE_METHOD_MATCH = YES;
				COPY_PHASE_STRIP = NO;
				DEBUG_INFORMATION_FORMAT = "dwarf-with-dsym";
				ENABLE_NS_ASSERTIONS = NO;
				ENABLE_STRICT_OBJC_MSGSEND = YES;
				GCC_C_LANGUAGE_STANDARD = gnu11;
				GCC_NO_COMMON_BLOCKS = YES;
				GCC_WARN_64_TO_32_BIT_CONVERSION = YES;
				GCC_WARN_ABOUT_RETURN_TYPE = YES_ERROR;
				GCC_WARN_UNDECLARED_SELECTOR = YES;
				GCC_WARN_UNINITIALIZED_AUTOS = YES_AGGRESSIVE;
				GCC_WARN_UNUSED_FUNCTION = YES;
				GCC_WARN_UNUSED_VARIABLE = YES;
				MACOSX_DEPLOYMENT_TARGET = 15.0;
				MTL_ENABLE_DEBUG_INFO = NO;
				MTL_FAST_MATH = YES;
				PRODUCT_NAME = "$(TARGET_NAME)";
				SDKROOT = macosx;
				SWIFT_COMPILATION_MODE = wholemodule;
				SWIFT_OPTIMIZATION_LEVEL = "-O";
				SWIFT_VERSION = 5.0;
			};
			name = Release;
		};
		F1DF6E2E82E4B9079FF761AD /* Debug */ = {
			isa = XCBuildConfiguration;
			buildSettings = {
				ASSETCATALOG_COMPILER_APPICON_NAME = AppIcon;
				CODE_SIGN_ENTITLEMENTS = Spike/MedTrackerSpike.entitlements;
				CODE_SIGN_STYLE = Automatic;
				COMBINE_HIDPI_IMAGES = YES;
				CURRENT_PROJECT_VERSION = 1;
				ENABLE_HARDENED_RUNTIME = YES;
				GENERATE_INFOPLIST_FILE = YES;
				INFOPLIST_KEY_LSApplicationCategoryType = "public.app-category.medical";
				INFOPLIST_KEY_NSHumanReadableCopyright = "";
				LD_RUNPATH_SEARCH_PATHS = (
					"$(inherited)",
					"@executable_path/../Frameworks",
				);
				MACOSX_DEPLOYMENT_TARGET = 15.0;
				MARKETING_VERSION = 0.1;
				PRODUCT_BUNDLE_IDENTIFIER = com.jamiewhite.MedTrackerSpike;
				PRODUCT_NAME = MedTrackerSpike;
				SDKROOT = macosx;
				SWIFT_VERSION = 5.0;
			};
			name = Debug;
		};
/* End XCBuildConfiguration section */

/* Begin XCConfigurationList section */
		FEA75D1CE59FF5ED2A9CF392 /* Build configuration list for PBXNativeTarget "MedTrackerSpike" */ = {
			isa = XCConfigurationList;
			buildConfigurations = (
				F1DF6E2E82E4B9079FF761AD /* Debug */,
				8F2D527A717667EC368B806F /* Release */,
			);
			defaultConfigurationIsVisible = 0;
			defaultConfigurationName = Debug;
		};
		FFFA426BA15105DCCE8D648E /* Build configuration list for PBXProject "MedTrackerSpike" */ = {
			isa = XCConfigurationList;
			buildConfigurations = (
				14A819775CA0A56E9B635505 /* Debug */,
				B4052E2B564104FAB81C5A34 /* Release */,
			);
			defaultConfigurationIsVisible = 0;
			defaultConfigurationName = Debug;
		};
/* End XCConfigurationList section */
	};
	rootObject = 75D393CC0DCF8BA6DDD54C0F /* Project object */;
}
